
Microsoft Visual Studio Solution File, Format Version 12.00
# Visual Studio Version 17
VisualStudioVersion = 17.8.34316.72
MinimumVisualStudioVersion = 10.0.40219.1
Project("{FAE04EC0-301F-11D3-BF4B-00C04F79EFBC}") = "7. Getting user input", "7. Getting user input.csproj", "{3F055399-0D97-4793-A6D3-78C8E0799B81}"
EndProject
Global
	GlobalSection(SolutionConfigurationPlatforms) = preSolution
		Debug|Any CPU = Debug|Any CPU
		Release|Any CPU = Release|Any CPU
	EndGlobalSection
	GlobalSection(ProjectConfigurationPlatforms) = postSolution
		{3F055399-0D97-4793-A6D3-78C8E0799B81}.Debug|Any CPU.ActiveCfg = Debug|Any CPU
		{3F055399-0D97-4793-A6D3-78C8E0799B81}.Debug|Any CPU.Build.0 = Debug|Any CPU
		{3F055399-0D97-4793-A6D3-78C8E0799B81}.Release|Any CPU.ActiveCfg = Release|Any CPU
		{3F055399-0D97-4793-A6D3-78C8E0799B81}.Release|Any CPU.Build.0 = Release|Any CPU
	EndGlobalSection
	GlobalSection(SolutionProperties) = preSolution
		HideSolutionNode = FALSE
	EndGlobalSection
	GlobalSection(ExtensibilityGlobals) = postSolution
		SolutionGuid = {C97D739F-77DE-44FE-8E33-6D734901F4A4}
	EndGlobalSection
EndGlobal
